// !$*UTF8*$!
{
	archiveVersion = 1;
	classes = {
	};
	objectVersion = 48;
	objects = {

/* Begin PBXBuildFile section */
		F3A7DD2A1FF36C2600F5729D /* AppDelegate.swift in Sources */ = {isa = PBXBuildFile; fileRef = F3A7DD291FF36C2600F5729D /* AppDelegate.swift */; };
		F3A7DD2C1FF36C2600F5729D /* ViewController.swift in Sources */ = {isa = PBXBuildFile; fileRef = F3A7DD2B1FF36C2600F5729D /* ViewController.swift */; };
		F3A7DD2F1FF36C2600F5729D /* Main.storyboard in Resources */ = {isa = PBXBuildFile; fileRef = F3A7DD2D1FF36C2600F5729D /* Main.storyboard */; };
		F3A7DD311FF36C2600F5729D /* Assets.xcassets in Resources */ = {isa = PBXBuildFile; fileRef = F3A7DD301FF36C2600F5729D /* Assets.xcassets */; };
		F3A7DD341FF36C2600F5729D /* LaunchScreen.storyboard in Resources */ = {isa = PBXBuildFile; fileRef = F3A7DD321FF36C2600F5729D /* LaunchScreen.storyboard */; };
		F3A7DD3F1FF36C2600F5729D /* Tipper_HelperTests.swift in Sources */ = {isa = PBXBuildFile; fileRef = F3A7DD3E1FF36C2600F5729D /* Tipper_HelperTests.swift */; };
		F3A7DD4A1FF36C2600F5729D /* Tipper_HelperUITests.swift in Sources */ = {isa = PBXBuildFile; fileRef = F3A7DD491FF36C2600F5729D /* Tipper_HelperUITests.swift */; };
/* End PBXBuildFile section */

/* Begin PBXContainerItemProxy section */
		F3A7DD3B1FF36C2600F5729D /* PBXContainerItemProxy */ = {
			isa = PBXContainerItemProxy;
			containerPortal = F3A7DD1E1FF36C2600F5729D /* Project object */;
			proxyType = 1;
			remoteGlobalIDString = F3A7DD251FF36C2600F5729D;
			remoteInfo = "Tipper Helper";
		};
		F3A7DD461FF36C2600F5729D /* PBXContainerItemProxy */ = {
			isa = PBXContainerItemProxy;
			containerPortal = F3A7DD1E1FF36C2600F5729D /* Project object */;
			proxyType = 1;
			remoteGlobalIDString = F3A7DD251FF36C2600F5729D;
			remoteInfo = "Tipper Helper";
		};
/* End PBXContainerItemProxy section */

/* Begin PBXFileReference section */
		F3A7DD261FF36C2600F5729D /* Tipper Helper.app */ = {isa = PBXFileReference; explicitFileType = wrapper.application; includeInIndex = 0; path = "Tipper Helper.app"; sourceTree = BUILT_PRODUCTS_DIR; };
		F3A7DD291FF36C2600F5729D /* AppDelegate.swift */ = {isa = PBXFileReference; lastKnownFileType = sourcecode.swift; path = AppDelegate.swift; sourceTree = "<group>"; };
		F3A7DD2B1FF36C2600F5729D /* ViewController.swift */ = {isa = PBXFileReference; lastKnownFileType = sourcecode.swift; path = ViewController.swift; sourceTree = "<group>"; };
		F3A7DD2E1FF36C2600F5729D /* Base */ = {isa = PBXFileReference; lastKnownFileType = file.storyboard; name = Base; path = Base.lproj/Main.storyboard; sourceTree = "<group>"; };
		F3A7DD301FF36C2600F5729D /* Assets.xcassets */ = {isa = PBXFileReference; lastKnownFileType = folder.assetcatalog; path = Assets.xcassets; sourceTree = "<group>"; };
		F3A7DD331FF36C2600F5729D /* Base */ = {isa = PBXFileReference; lastKnownFileType = file.storyboard; name = Base; path = Base.lproj/LaunchScreen.storyboard; sourceTree = "<group>"; };
		F3A7DD351FF36C2600F5729D /* Info.plist */ = {isa = PBXFileReference; lastKnownFileType = text.plist.xml; path = Info.plist; sourceTree = "<group>"; };
		F3A7DD3A1FF36C2600F5729D /* Tipper HelperTests.xctest */ = {isa = PBXFileReference; explicitFileType = wrapper.cfbundle; includeInIndex = 0; path = "Tipper HelperTests.xctest"; sourceTree = BUILT_PRODUCTS_DIR; };
		F3A7DD3E1FF36C2600F5729D /* Tipper_HelperTests.swift */ = {isa = PBXFileReference; lastKnownFileType = sourcecode.swift; path = Tipper_HelperTests.swift; sourceTree = "<group>"; };
		F3A7DD401FF36C2600F5729D /* Info.plist */ = {isa = PBXFileReference; lastKnownFileType = text.plist.xml; path = Info.plist; sourceTree = "<group>"; };
		F3A7DD451FF36C2600F5729D /* Tipper HelperUITests.xctest */ = {isa = PBXFileReference; explicitFileType = wrapper.cfbundle; includeInIndex = 0; path = "Tipper HelperUITests.xctest"; sourceTree = BUILT_PRODUCTS_DIR; };
		F3A7DD491FF36C2600F5729D /* Tipper_HelperUITests.swift */ = {isa = PBXFileReference; lastKnownFileType = sourcecode.swift; path = Tipper_HelperUITests.swift; sourceTree = "<group>"; };
		F3A7DD4B1FF36C2600F5729D /* Info.plist */ = {isa = PBXFileReference; lastKnownFileType = text.plist.xml; path = Info.plist; sourceTree = "<group>"; };
/* End PBXFileReference section */

/* Begin PBXFrameworksBuildPhase section */
		F3A7DD231FF36C2600F5729D /* Frameworks */ = {
			isa = PBXFrameworksBuildPhase;
			buildActionMask = 2147483647;
			files = (
			);
			runOnlyForDeploymentPostprocessing = 0;
		};
		F3A7DD371FF36C2600F5729D /* Frameworks */ = {
			isa = PBXFrameworksBuildPhase;
			buildActionMask = 2147483647;
			files = (
			);
			runOnlyForDeploymentPostprocessing = 0;
		};
		F3A7DD421FF36C2600F5729D /* Frameworks */ = {
			isa = PBXFrameworksBuildPhase;
			buildActionMask = 2147483647;
			files = (
			);
			runOnlyForDeploymentPostprocessing = 0;
		};
/* End PBXFrameworksBuildPhase section */

/* Begin PBXGroup section */
		F3A7DD1D1FF36C2600F5729D = {
			isa = PBXGroup;
			children = (
				F3A7DD281FF36C2600F5729D /* Tipper Helper */,
				F3A7DD3D1FF36C2600F5729D /* Tipper HelperTests */,
				F3A7DD481FF36C2600F5729D /* Tipper HelperUITests */,
				F3A7DD271FF36C2600F5729D /* Products */,
			);
			sourceTree = "<group>";
		};
		F3A7DD271FF36C2600F5729D /* Products */ = {
			isa = PBXGroup;
			children = (
				F3A7DD261FF36C2600F5729D /* Tipper Helper.app */,
				F3A7DD3A1FF36C2600F5729D /* Tipper HelperTests.xctest */,
				F3A7DD451FF36C2600F5729D /* Tipper HelperUITests.xctest */,
			);
			name = Products;
			sourceTree = "<group>";
		};
		F3A7DD281FF36C2600F5729D /* Tipper Helper */ = {
			isa = PBXGroup;
			children = (
				F3A7DD291FF36C2600F5729D /* AppDelegate.swift */,
				F3A7DD2B1FF36C2600F5729D /* ViewController.swift */,
				F3A7DD2D1FF36C2600F5729D /* Main.storyboard */,
				F3A7DD301FF36C2600F5729D /* Assets.xcassets */,
				F3A7DD321FF36C2600F5729D /* LaunchScreen.storyboard */,
				F3A7DD351FF36C2600F5729D /* Info.plist */,
			);
			path = "Tipper Helper";
			sourceTree = "<group>";
		};
		F3A7DD3D1FF36C2600F5729D /* Tipper HelperTests */ = {
			isa = PBXGroup;
			children = (
				F3A7DD3E1FF36C2600F5729D /* Tipper_HelperTests.swift */,
				F3A7DD401FF36C2600F5729D /* Info.plist */,
			);
			path = "Tipper HelperTests";
			sourceTree = "<group>";
		};
		F3A7DD481FF36C2600F5729D /* Tipper HelperUITests */ = {
			isa = PBXGroup;
			children = (
				F3A7DD491FF36C2600F5729D /* Tipper_HelperUITests.swift */,
				F3A7DD4B1FF36C2600F5729D /* Info.plist */,
			);
			path = "Tipper HelperUITests";
			sourceTree = "<group>";
		};
/* End PBXGroup section */

/* Begin PBXNativeTarget section */
		F3A7DD251FF36C2600F5729D /* Tipper Helper */ = {
			isa = PBXNativeTarget;
			buildConfigurationList = F3A7DD4E1FF36C2600F5729D /* Build configuration list for PBXNativeTarget "Tipper Helper" */;
			buildPhases = (
				F3A7DD221FF36C2600F5729D /* Sources */,
				F3A7DD231FF36C2600F5729D /* Frameworks */,
				F3A7DD241FF36C2600F5729D /* Resources */,
			);
			buildRules = (
			);
			dependencies = (
			);
			name = "Tipper Helper";
			productName = "Tipper Helper";
			productReference = F3A7DD261FF36C2600F5729D /* Tipper Helper.app */;
			productType = "com.apple.product-type.application";
		};
		F3A7DD391FF36C2600F5729D /* Tipper HelperTests */ = {
			isa = PBXNativeTarget;
			buildConfigurationList = F3A7DD511FF36C2600F5729D /* Build configuration list for PBXNativeTarget "Tipper HelperTests" */;
			buildPhases = (
				F3A7DD361FF36C2600F5729D /* Sources */,
				F3A7DD371FF36C2600F5729D /* Frameworks */,
				F3A7DD381FF36C2600F5729D /* Resources */,
			);
			buildRules = (
			);
			dependencies = (
				F3A7DD3C1FF36C2600F5729D /* PBXTargetDependency */,
			);
			name = "Tipper HelperTests";
			productName = "Tipper HelperTests";
			productReference = F3A7DD3A1FF36C2600F5729D /* Tipper HelperTests.xctest */;
			productType = "com.apple.product-type.bundle.unit-test";
		};
		F3A7DD441FF36C2600F5729D /* Tipper HelperUITests */ = {
			isa = PBXNativeTarget;
			buildConfigurationList = F3A7DD541FF36C2600F5729D /* Build configuration list for PBXNativeTarget "Tipper HelperUITests" */;
			buildPhases = (
				F3A7DD411FF36C2600F5729D /* Sources */,
				F3A7DD421FF36C2600F5729D /* Frameworks */,
				F3A7DD431FF36C2600F5729D /* Resources */,
			);
			buildRules = (
			);
			dependencies = (
				F3A7DD471FF36C2600F5729D /* PBXTargetDependency */,
			);
			name = "Tipper HelperUITests";
			productName = "Tipper HelperUITests";
			productReference = F3A7DD451FF36C2600F5729D /* Tipper HelperUITests.xctest */;
			productType = "com.apple.product-type.bundle.ui-testing";
		};
/* End PBXNativeTarget section */

/* Begin PBXProject section */
		F3A7DD1E1FF36C2600F5729D /* Project object */ = {
			isa = PBXProject;
			attributes = {
				LastSwiftUpdateCheck = 0920;
				LastUpgradeCheck = 0920;
				ORGANIZATIONNAME = "Bethany Bin";
				TargetAttributes = {
					F3A7DD251FF36C2600F5729D = {
						CreatedOnToolsVersion = 9.2;
						ProvisioningStyle = Automatic;
					};
					F3A7DD391FF36C2600F5729D = {
						CreatedOnToolsVersion = 9.2;
						ProvisioningStyle = Automatic;
						TestTargetID = F3A7DD251FF36C2600F5729D;
					};
					F3A7DD441FF36C2600F5729D = {
						CreatedOnToolsVersion = 9.2;
						ProvisioningStyle = Automatic;
						TestTargetID = F3A7DD251FF36C2600F5729D;
					};
				};
			};
			buildConfigurationList = F3A7DD211FF36C2600F5729D /* Build configuration list for PBXProject "Tipper Helper" */;
			compatibilityVersion = "Xcode 8.0";
			developmentRegion = en;
			hasScannedForEncodings = 0;
			knownRegions = (
				en,
				Base,
			);
			mainGroup = F3A7DD1D1FF36C2600F5729D;
			productRefGroup = F3A7DD271FF36C2600F5729D /* Products */;
			projectDirPath = "";
			projectRoot = "";
			targets = (
				F3A7DD251FF36C2600F5729D /* Tipper Helper */,
				F3A7DD391FF36C2600F5729D /* Tipper HelperTests */,
				F3A7DD441FF36C2600F5729D /* Tipper HelperUITests */,
			);
		};
/* End PBXProject section */

/* Begin PBXResourcesBuildPhase section */
		F3A7DD241FF36C2600F5729D /* Resources */ = {
			isa = PBXResourcesBuildPhase;
			buildActionMask = 2147483647;
			files = (
				F3A7DD341FF36C2600F5729D /* LaunchScreen.storyboard in Resources */,
				F3A7DD311FF36C2600F5729D /* Assets.xcassets in Resources */,
				F3A7DD2F1FF36C2600F5729D /* Main.storyboard in Resources */,
			);
			runOnlyForDeploymentPostprocessing = 0;
		};
		F3A7DD381FF36C2600F5729D /* Resources */ = {
			isa = PBXResourcesBuildPhase;
			buildActionMask = 2147483647;
			files = (
			);
			runOnlyForDeploymentPostprocessing = 0;
		};
		F3A7DD431FF36C2600F5729D /* Resources */ = {
			isa = PBXResourcesBuildPhase;
			buildActionMask = 2147483647;
			files = (
			);
			runOnlyForDeploymentPostprocessing = 0;
		};
/* End PBXResourcesBuildPhase section */

/* Begin PBXSourcesBuildPhase section */
		F3A7DD221FF36C2600F5729D /* Sources */ = {
			isa = PBXSourcesBuildPhase;
			buildActionMask = 2147483647;
			files = (
				F3A7DD2C1FF36C2600F5729D /* ViewController.swift in Sources */,
				F3A7DD2A1FF36C2600F5729D /* AppDelegate.swift in Sources */,
			);
			runOnlyForDeploymentPostprocessing = 0;
		};
		F3A7DD361FF36C2600F5729D /* Sources */ = {
			isa = PBXSourcesBuildPhase;
			buildActionMask = 2147483647;
			files = (
				F3A7DD3F1FF36C2600F5729D /* Tipper_HelperTests.swift in Sources */,
			);
			runOnlyForDeploymentPostprocessing = 0;
		};
		F3A7DD411FF36C2600F5729D /* Sources */ = {
			isa = PBXSourcesBuildPhase;
			buildActionMask = 2147483647;
			files = (
				F3A7DD4A1FF36C2600F5729D /* Tipper_HelperUITests.swift in Sources */,
			);
			runOnlyForDeploymentPostprocessing = 0;
		};
/* End PBXSourcesBuildPhase section */

/* Begin PBXTargetDependency section */
		F3A7DD3C1FF36C2600F5729D /* PBXTargetDependency */ = {
			isa = PBXTargetDependency;
			target = F3A7DD251FF36C2600F5729D /* Tipper Helper */;
			targetProxy = F3A7DD3B1FF36C2600F5729D /* PBXContainerItemProxy */;
		};
		F3A7DD471FF36C2600F5729D /* PBXTargetDependency */ = {
			isa = PBXTargetDependency;
			target = F3A7DD251FF36C2600F5729D /* Tipper Helper */;
			targetProxy = F3A7DD461FF36C2600F5729D /* PBXContainerItemProxy */;
		};
/* End PBXTargetDependency section */

/* Begin PBXVariantGroup section */
		F3A7DD2D1FF36C2600F5729D /* Main.storyboard */ = {
			isa = PBXVariantGroup;
			children = (
				F3A7DD2E1FF36C2600F5729D /* Base */,
			);
			name = Main.storyboard;
			sourceTree = "<group>";
		};
		F3A7DD321FF36C2600F5729D /* LaunchScreen.storyboard */ = {
			isa = PBXVariantGroup;
			children = (
				F3A7DD331FF36C2600F5729D /* Base */,
			);
			name = LaunchScreen.storyboard;
			sourceTree = "<group>";
		};
/* End PBXVariantGroup section */

/* Begin XCBuildConfiguration section */
		F3A7DD4C1FF36C2600F5729D /* Debug */ = {
			isa = XCBuildConfiguration;
			buildSettings = {
				ALWAYS_SEARCH_USER_PATHS = NO;
				CLANG_ANALYZER_NONNULL = YES;
				CLANG_ANALYZER_NUMBER_OBJECT_CONVERSION = YES_AGGRESSIVE;
				CLANG_CXX_LANGUAGE_STANDARD = "gnu++14";
				CLANG_CXX_LIBRARY = "libc++";
				CLANG_ENABLE_MODULES = YES;
				CLANG_ENABLE_OBJC_ARC = YES;
				CLANG_WARN_BLOCK_CAPTURE_AUTORELEASING = YES;
				CLANG_WARN_BOOL_CONVERSION = YES;
				CLANG_WARN_COMMA = YES;
				CLANG_WARN_CONSTANT_CONVERSION = YES;
				CLANG_WARN_DIRECT_OBJC_ISA_USAGE = YES_ERROR;
				CLANG_WARN_DOCUMENTATION_COMMENTS = YES;
				CLANG_WARN_EMPTY_BODY = YES;
				CLANG_WARN_ENUM_CONVERSION = YES;
				CLANG_WARN_INFINITE_RECURSION = YES;
				CLANG_WARN_INT_CONVERSION = YES;
				CLANG_WARN_NON_LITERAL_NULL_CONVERSION = YES;
				CLANG_WARN_OBJC_LITERAL_CONVERSION = YES;
				CLANG_WARN_OBJC_ROOT_CLASS = YES_ERROR;
				CLANG_WARN_RANGE_LOOP_ANALYSIS = YES;
				CLANG_WARN_STRICT_PROTOTYPES = YES;
				CLANG_WARN_SUSPICIOUS_MOVE = YES;
				CLANG_WARN_UNGUARDED_AVAILABILITY = YES_AGGRESSIVE;
				CLANG_WARN_UNREACHABLE_CODE = YES;
				CLANG_WARN__DUPLICATE_METHOD_MATCH = YES;
				CODE_SIGN_IDENTITY = "iPhone Developer";
				COPY_PHASE_STRIP = NO;
				DEBUG_INFORMATION_FORMAT = dwarf;
				ENABLE_STRICT_OBJC_MSGSEND = YES;
				ENABLE_TESTABILITY = YES;
				GCC_C_LANGUAGE_STANDARD = gnu11;
				GCC_DYNAMIC_NO_PIC = NO;
				GCC_NO_COMMON_BLOCKS = YES;
				GCC_OPTIMIZATION_LEVEL = 0;
				GCC_PREPROCESSOR_DEFINITIONS = (
					"DEBUG=1",
					"$(inherited)",
				);
				GCC_WARN_64_TO_32_BIT_CONVERSION = YES;
				GCC_WARN_ABOUT_RETURN_TYPE = YES_ERROR;
				GCC_WARN_UNDECLARED_SELECTOR = YES;
				GCC_WARN_UNINITIALIZED_AUTOS = YES_AGGRESSIVE;
				GCC_WARN_UNUSED_FUNCTION = YES;
				GCC_WARN_UNUSED_VARIABLE = YES;
				IPHONEOS_DEPLOYMENT_TARGET = 11.2;
				MTL_ENABLE_DEBUG_INFO = YES;
				ONLY_ACTIVE_ARCH = YES;
				SDKROOT = iphoneos;
				SWIFT_ACTIVE_COMPILATION_CONDITIONS = DEBUG;
				SWIFT_OPTIMIZATION_LEVEL = "-Onone";
			};
			name = Debug;
		};
		F3A7DD4D1FF36C2600F5729D /* Release */ = {
			isa = XCBuildConfiguration;
			buildSettings = {
				ALWAYS_SEARCH_USER_PATHS = NO;
				CLANG_ANALYZER_NONNULL = YES;
				CLANG_ANALYZER_NUMBER_OBJECT_CONVERSION = YES_AGGRESSIVE;
				CLANG_CXX_LANGUAGE_STANDARD = "gnu++14";
				CLANG_CXX_LIBRARY = "libc++";
				CLANG_ENABLE_MODULES = YES;
				CLANG_ENABLE_OBJC_ARC = YES;
				CLANG_WARN_BLOCK_CAPTURE_AUTORELEASING = YES;
				CLANG_WARN_BOOL_CONVERSION = YES;
				CLANG_WARN_COMMA = YES;
				CLANG_WARN_CONSTANT_CONVERSION = YES;
				CLANG_WARN_DIRECT_OBJC_ISA_USAGE = YES_ERROR;
				CLANG_WARN_DOCUMENTATION_COMMENTS = YES;
				CLANG_WARN_EMPTY_BODY = YES;
				CLANG_WARN_ENUM_CONVERSION = YES;
				CLANG_WARN_INFINITE_RECURSION = YES;
				CLANG_WARN_INT_CONVERSION = YES;
				CLANG_WARN_NON_LITERAL_NULL_CONVERSION = YES;
				CLANG_WARN_OBJC_LITERAL_CONVERSION = YES;
				CLANG_WARN_OBJC_ROOT_CLASS = YES_ERROR;
				CLANG_WARN_RANGE_LOOP_ANALYSIS = YES;
				CLANG_WARN_STRICT_PROTOTYPES = YES;
				CLANG_WARN_SUSPICIOUS_MOVE = YES;
				CLANG_WARN_UNGUARDED_AVAILABILITY = YES_AGGRESSIVE;
				CLANG_WARN_UNREACHABLE_CODE = YES;
				CLANG_WARN__DUPLICATE_METHOD_MATCH = YES;
				CODE_SIGN_IDENTITY = "iPhone Developer";
				COPY_PHASE_STRIP = NO;
				DEBUG_INFORMATION_FORMAT = "dwarf-with-dsym";
				ENABLE_NS_ASSERTIONS = NO;
				ENABLE_STRICT_OBJC_MSGSEND = YES;
				GCC_C_LANGUAGE_STANDARD = gnu11;
				GCC_NO_COMMON_BLOCKS = YES;
				GCC_WARN_64_TO_32_BIT_CONVERSION = YES;
				GCC_WARN_ABOUT_RETURN_TYPE = YES_ERROR;
				GCC_WARN_UNDECLARED_SELECTOR = YES;
				GCC_WARN_UNINITIALIZED_AUTOS = YES_AGGRESSIVE;
				GCC_WARN_UNUSED_FUNCTION = YES;
				GCC_WARN_UNUSED_VARIABLE = YES;
				IPHONEOS_DEPLOYMENT_TARGET = 11.2;
				MTL_ENABLE_DEBUG_INFO = NO;
				SDKROOT = iphoneos;
				SWIFT_OPTIMIZATION_LEVEL = "-Owholemodule";
				VALIDATE_PRODUCT = YES;
			};
			name = Release;
		};
		F3A7DD4F1FF36C2600F5729D /* Debug */ = {
			isa = XCBuildConfiguration;
			buildSettings = {
				ASSETCATALOG_COMPILER_APPICON_NAME = AppIcon;
				CODE_SIGN_STYLE = Automatic;
				INFOPLIST_FILE = "Tipper Helper/Info.plist";
				LD_RUNPATH_SEARCH_PATHS = "$(inherited) @executable_path/Frameworks";
				PRODUCT_BUNDLE_IDENTIFIER = "com.bethanybin.Tipper-Helper";
				PRODUCT_NAME = "$(TARGET_NAME)";
				SWIFT_VERSION = 4.0;
				TARGETED_DEVICE_FAMILY = "1,2";
			};
			name = Debug;
		};
		F3A7DD501FF36C2600F5729D /* Release */ = {
			isa = XCBuildConfiguration;
			buildSettings = {
				ASSETCATALOG_COMPILER_APPICON_NAME = AppIcon;
				CODE_SIGN_STYLE = Automatic;
				INFOPLIST_FILE = "Tipper Helper/Info.plist";
				LD_RUNPATH_SEARCH_PATHS = "$(inherited) @executable_path/Frameworks";
				PRODUCT_BUNDLE_IDENTIFIER = "com.bethanybin.Tipper-Helper";
				PRODUCT_NAME = "$(TARGET_NAME)";
				SWIFT_VERSION = 4.0;
				TARGETED_DEVICE_FAMILY = "1,2";
			};
			name = Release;
		};
		F3A7DD521FF36C2600F5729D /* Debug */ = {
			isa = XCBuildConfiguration;
			buildSettings = {
				ALWAYS_EMBED_SWIFT_STANDARD_LIBRARIES = YES;
				BUNDLE_LOADER = "$(TEST_HOST)";
				CODE_SIGN_STYLE = Automatic;
				INFOPLIST_FILE = "Tipper HelperTests/Info.plist";
				LD_RUNPATH_SEARCH_PATHS = "$(inherited) @executable_path/Frameworks @loader_path/Frameworks";
				PRODUCT_BUNDLE_IDENTIFIER = "com.bethanybin.Tipper-HelperTests";
				PRODUCT_NAME = "$(TARGET_NAME)";
				SWIFT_VERSION = 4.0;
				TARGETED_DEVICE_FAMILY = "1,2";
				TEST_HOST = "$(BUILT_PRODUCTS_DIR)/Tipper Helper.app/Tipper Helper";
			};
			name = Debug;
		};
		F3A7DD531FF36C2600F5729D /* Release */ = {
			isa = XCBuildConfiguration;
			buildSettings = {
				ALWAYS_EMBED_SWIFT_STANDARD_LIBRARIES = YES;
				BUNDLE_LOADER = "$(TEST_HOST)";
				CODE_SIGN_STYLE = Automatic;
				INFOPLIST_FILE = "Tipper HelperTests/Info.plist";
				LD_RUNPATH_SEARCH_PATHS = "$(inherited) @executable_path/Frameworks @loader_path/Frameworks";
				PRODUCT_BUNDLE_IDENTIFIER = "com.bethanybin.Tipper-HelperTests";
				PRODUCT_NAME = "$(TARGET_NAME)";
				SWIFT_VERSION = 4.0;
				TARGETED_DEVICE_FAMILY = "1,2";
				TEST_HOST = "$(BUILT_PRODUCTS_DIR)/Tipper Helper.app/Tipper Helper";
			};
			name = Release;
		};
		F3A7DD551FF36C2600F5729D /* Debug */ = {
			isa = XCBuildConfiguration;
			buildSettings = {
				ALWAYS_EMBED_SWIFT_STANDARD_LIBRARIES = YES;
				CODE_SIGN_STYLE = Automatic;
				INFOPLIST_FILE = "Tipper HelperUITests/Info.plist";
				LD_RUNPATH_SEARCH_PATHS = "$(inherited) @executable_path/Frameworks @loader_path/Frameworks";
				PRODUCT_BUNDLE_IDENTIFIER = "com.bethanybin.Tipper-HelperUITests";
				PRODUCT_NAME = "$(TARGET_NAME)";
				SWIFT_VERSION = 4.0;
				TARGETED_DEVICE_FAMILY = "1,2";
				TEST_TARGET_NAME = "Tipper Helper";
			};
			name = Debug;
		};
		F3A7DD561FF36C2600F5729D /* Release */ = {
			isa = XCBuildConfiguration;
			buildSettings = {
				ALWAYS_EMBED_SWIFT_STANDARD_LIBRARIES = YES;
				CODE_SIGN_STYLE = Automatic;
				INFOPLIST_FILE = "Tipper HelperUITests/Info.plist";
				LD_RUNPATH_SEARCH_PATHS = "$(inherited) @executable_path/Frameworks @loader_path/Frameworks";
				PRODUCT_BUNDLE_IDENTIFIER = "com.bethanybin.Tipper-HelperUITests";
				PRODUCT_NAME = "$(TARGET_NAME)";
				SWIFT_VERSION = 4.0;
				TARGETED_DEVICE_FAMILY = "1,2";
				TEST_TARGET_NAME = "Tipper Helper";
			};
			name = Release;
		};
/* End XCBuildConfiguration section */

/* Begin XCConfigurationList section */
		F3A7DD211FF36C2600F5729D /* Build configuration list for PBXProject "Tipper Helper" */ = {
			isa = XCConfigurationList;
			buildConfigurations = (
				F3A7DD4C1FF36C2600F5729D /* Debug */,
				F3A7DD4D1FF36C2600F5729D /* Release */,
			);
			defaultConfigurationIsVisible = 0;
			defaultConfigurationName = Release;
		};
		F3A7DD4E1FF36C2600F5729D /* Build configuration list for PBXNativeTarget "Tipper Helper" */ = {
			isa = XCConfigurationList;
			buildConfigurations = (
				F3A7DD4F1FF36C2600F5729D /* Debug */,
				F3A7DD501FF36C2600F5729D /* Release */,
			);
			defaultConfigurationIsVisible = 0;
			defaultConfigurationName = Release;
		};
		F3A7DD511FF36C2600F5729D /* Build configuration list for PBXNativeTarget "Tipper HelperTests" */ = {
			isa = XCConfigurationList;
			buildConfigurations = (
				F3A7DD521FF36C2600F5729D /* Debug */,
				F3A7DD531FF36C2600F5729D /* Release */,
			);
			defaultConfigurationIsVisible = 0;
			defaultConfigurationName = Release;
		};
		F3A7DD541FF36C2600F5729D /* Build configuration list for PBXNativeTarget "Tipper HelperUITests" */ = {
			isa = XCConfigurationList;
			buildConfigurations = (
				F3A7DD551FF36C2600F5729D /* Debug */,
				F3A7DD561FF36C2600F5729D /* Release */,
			);
			defaultConfigurationIsVisible = 0;
			defaultConfigurationName = Release;
		};
/* End XCConfigurationList section */
	};
	rootObject = F3A7DD1E1FF36C2600F5729D /* Project object */;
}
